
Microsoft Visual Studio Solution File, Format Version 12.00
# Visual Studio 15
VisualStudioVersion = 15.0.27428.2043
MinimumVisualStudioVersion = 10.0.40219.1
Project("{FAE04EC0-301F-11D3-BF4B-00C04F79EFBC}") = "Amazons3Calc", "Amazons3Calc\Amazons3Calc.csproj", "{771DDFA3-38E3-45F3-A696-66326656A82A}"
EndProject
Global
	GlobalSection(SolutionConfigurationPlatforms) = preSolution
		Debug|Any CPU = Debug|Any CPU
		Release|Any CPU = Release|Any CPU
	EndGlobalSection
	GlobalSection(ProjectConfigurationPlatforms) = postSolution
		{771DDFA3-38E3-45F3-A696-66326656A82A}.Debug|Any CPU.ActiveCfg = Debug|Any CPU
		{771DDFA3-38E3-45F3-A696-66326656A82A}.Debug|Any CPU.Build.0 = Debug|Any CPU
		{771DDFA3-38E3-45F3-A696-66326656A82A}.Release|Any CPU.ActiveCfg = Release|Any CPU
		{771DDFA3-38E3-45F3-A696-66326656A82A}.Release|Any CPU.Build.0 = Release|Any CPU
	EndGlobalSection
	GlobalSection(SolutionProperties) = preSolution
		HideSolutionNode = FALSE
	EndGlobalSection
	GlobalSection(ExtensibilityGlobals) = postSolution
		SolutionGuid = {0836970B-36DA-4DC5-846D-543216344D06}
	EndGlobalSection
EndGlobal
